
Microsoft Visual Studio Solution File, Format Version 12.00
# Visual Studio Version 16
VisualStudioVersion = 16.0.30413.136
MinimumVisualStudioVersion = 10.0.40219.1
Project("{FAE04EC0-301F-11D3-BF4B-00C04F79EFBC}") = "ScriptAdd", "ScriptAdd\ScriptAdd.csproj", "{8862051C-0C85-450E-905C-7D152A139877}"
EndProject
Global
	GlobalSection(SolutionConfigurationPlatforms) = preSolution
		Debug|Any CPU = Debug|Any CPU
		Release|Any CPU = Release|Any CPU
	EndGlobalSection
	GlobalSection(ProjectConfigurationPlatforms) = postSolution
		{8862051C-0C85-450E-905C-7D152A139877}.Debug|Any CPU.ActiveCfg = Debug|Any CPU
		{8862051C-0C85-450E-905C-7D152A139877}.Debug|Any CPU.Build.0 = Debug|Any CPU
		{8862051C-0C85-450E-905C-7D152A139877}.Release|Any CPU.ActiveCfg = Release|Any CPU
		{8862051C-0C85-450E-905C-7D152A139877}.Release|Any CPU.Build.0 = Release|Any CPU
	EndGlobalSection
	GlobalSection(SolutionProperties) = preSolution
		HideSolutionNode = FALSE
	EndGlobalSection
	GlobalSection(ExtensibilityGlobals) = postSolution
		SolutionGuid = {6D46AB73-72B9-4091-9AD4-BBA17EBB715F}
	EndGlobalSection
EndGlobal
